// !$*UTF8*$!
{
	archiveVersion = 1;
	classes = {
	};
	objectVersion = 56;
	objects = {

/* Begin PBXBuildFile section */
		9C64A4462912B54800199BED /* AppDelegate.swift in Sources */ = {isa = PBXBuildFile; fileRef = 9C64A4452912B54800199BED /* AppDelegate.swift */; };
		9C64A4482912B54800199BED /* SceneDelegate.swift in Sources */ = {isa = PBXBuildFile; fileRef = 9C64A4472912B54800199BED /* SceneDelegate.swift */; };
		9C64A44A2912B54800199BED /* ViewController.swift in Sources */ = {isa = PBXBuildFile; fileRef = 9C64A4492912B54800199BED /* ViewController.swift */; };
		9C64A44D2912B54800199BED /* Main.storyboard in Resources */ = {isa = PBXBuildFile; fileRef = 9C64A44B2912B54800199BED /* Main.storyboard */; };
		9C64A44F2912B54900199BED /* Assets.xcassets in Resources */ = {isa = PBXBuildFile; fileRef = 9C64A44E2912B54900199BED /* Assets.xcassets */; };
		9C64A4522912B54900199BED /* LaunchScreen.storyboard in Resources */ = {isa = PBXBuildFile; fileRef = 9C64A4502912B54900199BED /* LaunchScreen.storyboard */; };
		9C64A45B2912BEE500199BED /* SpringAnimation in Frameworks */ = {isa = PBXBuildFile; productRef = 9C64A45A2912BEE500199BED /* SpringAnimation */; };
		9C64A45D2912C6AB00199BED /* DataStore.swift in Sources */ = {isa = PBXBuildFile; fileRef = 9C64A45C2912C6AB00199BED /* DataStore.swift */; };
		9C64A4692913126A00199BED /* AnimationOptions.swift in Sources */ = {isa = PBXBuildFile; fileRef = 9C64A4682913126A00199BED /* AnimationOptions.swift */; };
/* End PBXBuildFile section */

/* Begin PBXFileReference section */
		9C64A4422912B54800199BED /* HW 3.1.app */ = {isa = PBXFileReference; explicitFileType = wrapper.application; includeInIndex = 0; path = "HW 3.1.app"; sourceTree = BUILT_PRODUCTS_DIR; };
		9C64A4452912B54800199BED /* AppDelegate.swift */ = {isa = PBXFileReference; lastKnownFileType = sourcecode.swift; path = AppDelegate.swift; sourceTree = "<group>"; };
		9C64A4472912B54800199BED /* SceneDelegate.swift */ = {isa = PBXFileReference; lastKnownFileType = sourcecode.swift; path = SceneDelegate.swift; sourceTree = "<group>"; };
		9C64A4492912B54800199BED /* ViewController.swift */ = {isa = PBXFileReference; lastKnownFileType = sourcecode.swift; path = ViewController.swift; sourceTree = "<group>"; };
		9C64A44C2912B54800199BED /* Base */ = {isa = PBXFileReference; lastKnownFileType = file.storyboard; name = Base; path = Base.lproj/Main.storyboard; sourceTree = "<group>"; };
		9C64A44E2912B54900199BED /* Assets.xcassets */ = {isa = PBXFileReference; lastKnownFileType = folder.assetcatalog; path = Assets.xcassets; sourceTree = "<group>"; };
		9C64A4512912B54900199BED /* Base */ = {isa = PBXFileReference; lastKnownFileType = file.storyboard; name = Base; path = Base.lproj/LaunchScreen.storyboard; sourceTree = "<group>"; };
		9C64A4532912B54900199BED /* Info.plist */ = {isa = PBXFileReference; lastKnownFileType = text.plist.xml; path = Info.plist; sourceTree = "<group>"; };
		9C64A45C2912C6AB00199BED /* DataStore.swift */ = {isa = PBXFileReference; lastKnownFileType = sourcecode.swift; path = DataStore.swift; sourceTree = "<group>"; };
		9C64A4682913126A00199BED /* AnimationOptions.swift */ = {isa = PBXFileReference; lastKnownFileType = sourcecode.swift; name = AnimationOptions.swift; path = "HW 3.1/AnimationOptions.swift"; sourceTree = SOURCE_ROOT; };
/* End PBXFileReference section */

/* Begin PBXFrameworksBuildPhase section */
		9C64A43F2912B54800199BED /* Frameworks */ = {
			isa = PBXFrameworksBuildPhase;
			buildActionMask = 2147483647;
			files = (
				9C64A45B2912BEE500199BED /* SpringAnimation in Frameworks */,
			);
			runOnlyForDeploymentPostprocessing = 0;
		};
/* End PBXFrameworksBuildPhase section */

/* Begin PBXGroup section */
		9C64A4392912B54800199BED = {
			isa = PBXGroup;
			children = (
				9C64A4442912B54800199BED /* HW 3.1 */,
				9C64A4432912B54800199BED /* Products */,
			);
			sourceTree = "<group>";
		};
		9C64A4432912B54800199BED /* Products */ = {
			isa = PBXGroup;
			children = (
				9C64A4422912B54800199BED /* HW 3.1.app */,
			);
			name = Products;
			sourceTree = "<group>";
		};
		9C64A4442912B54800199BED /* HW 3.1 */ = {
			isa = PBXGroup;
			children = (
				9C64A45F2912F37000199BED /* ViewControllers */,
				9C64A45E2912F35700199BED /* Models */,
				9C64A4602912F38D00199BED /* Services */,
				9C64A4612912F3AB00199BED /* StoryBoards */,
				9C64A4622912F3CE00199BED /* App */,
				9C64A4632912F3E600199BED /* Resources */,
			);
			path = "HW 3.1";
			sourceTree = "<group>";
		};
		9C64A45E2912F35700199BED /* Models */ = {
			isa = PBXGroup;
			children = (
				9C64A4682913126A00199BED /* AnimationOptions.swift */,
			);
			path = Models;
			sourceTree = "<group>";
		};
		9C64A45F2912F37000199BED /* ViewControllers */ = {
			isa = PBXGroup;
			children = (
				9C64A4492912B54800199BED /* ViewController.swift */,
			);
			path = ViewControllers;
			sourceTree = "<group>";
		};
		9C64A4602912F38D00199BED /* Services */ = {
			isa = PBXGroup;
			children = (
				9C64A45C2912C6AB00199BED /* DataStore.swift */,
			);
			path = Services;
			sourceTree = "<group>";
		};
		9C64A4612912F3AB00199BED /* StoryBoards */ = {
			isa = PBXGroup;
			children = (
				9C64A44B2912B54800199BED /* Main.storyboard */,
				9C64A4502912B54900199BED /* LaunchScreen.storyboard */,
			);
			path = StoryBoards;
			sourceTree = "<group>";
		};
		9C64A4622912F3CE00199BED /* App */ = {
			isa = PBXGroup;
			children = (
				9C64A4472912B54800199BED /* SceneDelegate.swift */,
				9C64A4452912B54800199BED /* AppDelegate.swift */,
				9C64A4532912B54900199BED /* Info.plist */,
			);
			path = App;
			sourceTree = "<group>";
		};
		9C64A4632912F3E600199BED /* Resources */ = {
			isa = PBXGroup;
			children = (
				9C64A44E2912B54900199BED /* Assets.xcassets */,
			);
			path = Resources;
			sourceTree = "<group>";
		};
/* End PBXGroup section */

/* Begin PBXNativeTarget section */
		9C64A4412912B54800199BED /* HW 3.1 */ = {
			isa = PBXNativeTarget;
			buildConfigurationList = 9C64A4562912B54900199BED /* Build configuration list for PBXNativeTarget "HW 3.1" */;
			buildPhases = (
				9C64A43E2912B54800199BED /* Sources */,
				9C64A43F2912B54800199BED /* Frameworks */,
				9C64A4402912B54800199BED /* Resources */,
			);
			buildRules = (
			);
			dependencies = (
			);
			name = "HW 3.1";
			packageProductDependencies = (
				9C64A45A2912BEE500199BED /* SpringAnimation */,
			);
			productName = "HW 3.1";
			productReference = 9C64A4422912B54800199BED /* HW 3.1.app */;
			productType = "com.apple.product-type.application";
		};
/* End PBXNativeTarget section */

/* Begin PBXProject section */
		9C64A43A2912B54800199BED /* Project object */ = {
			isa = PBXProject;
			attributes = {
				BuildIndependentTargetsInParallel = 1;
				LastSwiftUpdateCheck = 1400;
				LastUpgradeCheck = 1400;
				TargetAttributes = {
					9C64A4412912B54800199BED = {
						CreatedOnToolsVersion = 14.0.1;
					};
				};
			};
			buildConfigurationList = 9C64A43D2912B54800199BED /* Build configuration list for PBXProject "HW 3.1" */;
			compatibilityVersion = "Xcode 14.0";
			developmentRegion = en;
			hasScannedForEncodings = 0;
			knownRegions = (
				en,
				Base,
			);
			mainGroup = 9C64A4392912B54800199BED;
			packageReferences = (
				9C64A4592912BEE500199BED /* XCRemoteSwiftPackageReference "SpringAnimation" */,
			);
			productRefGroup = 9C64A4432912B54800199BED /* Products */;
			projectDirPath = "";
			projectRoot = "";
			targets = (
				9C64A4412912B54800199BED /* HW 3.1 */,
			);
		};
/* End PBXProject section */

/* Begin PBXResourcesBuildPhase section */
		9C64A4402912B54800199BED /* Resources */ = {
			isa = PBXResourcesBuildPhase;
			buildActionMask = 2147483647;
			files = (
				9C64A4522912B54900199BED /* LaunchScreen.storyboard in Resources */,
				9C64A44F2912B54900199BED /* Assets.xcassets in Resources */,
				9C64A44D2912B54800199BED /* Main.storyboard in Resources */,
			);
			runOnlyForDeploymentPostprocessing = 0;
		};
/* End PBXResourcesBuildPhase section */

/* Begin PBXSourcesBuildPhase section */
		9C64A43E2912B54800199BED /* Sources */ = {
			isa = PBXSourcesBuildPhase;
			buildActionMask = 2147483647;
			files = (
				9C64A44A2912B54800199BED /* ViewController.swift in Sources */,
				9C64A4692913126A00199BED /* AnimationOptions.swift in Sources */,
				9C64A4462912B54800199BED /* AppDelegate.swift in Sources */,
				9C64A4482912B54800199BED /* SceneDelegate.swift in Sources */,
				9C64A45D2912C6AB00199BED /* DataStore.swift in Sources */,
			);
			runOnlyForDeploymentPostprocessing = 0;
		};
/* End PBXSourcesBuildPhase section */

/* Begin PBXVariantGroup section */
		9C64A44B2912B54800199BED /* Main.storyboard */ = {
			isa = PBXVariantGroup;
			children = (
				9C64A44C2912B54800199BED /* Base */,
			);
			name = Main.storyboard;
			sourceTree = "<group>";
		};
		9C64A4502912B54900199BED /* LaunchScreen.storyboard */ = {
			isa = PBXVariantGroup;
			children = (
				9C64A4512912B54900199BED /* Base */,
			);
			name = LaunchScreen.storyboard;
			sourceTree = "<group>";
		};
/* End PBXVariantGroup section */

/* Begin XCBuildConfiguration section */
		9C64A4542912B54900199BED /* Debug */ = {
			isa = XCBuildConfiguration;
			buildSettings = {
				ALWAYS_SEARCH_USER_PATHS = NO;
				CLANG_ANALYZER_NONNULL = YES;
				CLANG_ANALYZER_NUMBER_OBJECT_CONVERSION = YES_AGGRESSIVE;
				CLANG_CXX_LANGUAGE_STANDARD = "gnu++20";
				CLANG_ENABLE_MODULES = YES;
				CLANG_ENABLE_OBJC_ARC = YES;
				CLANG_ENABLE_OBJC_WEAK = YES;
				CLANG_WARN_BLOCK_CAPTURE_AUTORELEASING = YES;
				CLANG_WARN_BOOL_CONVERSION = YES;
				CLANG_WARN_COMMA = YES;
				CLANG_WARN_CONSTANT_CONVERSION = YES;
				CLANG_WARN_DEPRECATED_OBJC_IMPLEMENTATIONS = YES;
				CLANG_WARN_DIRECT_OBJC_ISA_USAGE = YES_ERROR;
				CLANG_WARN_DOCUMENTATION_COMMENTS = YES;
				CLANG_WARN_EMPTY_BODY = YES;
				CLANG_WARN_ENUM_CONVERSION = YES;
				CLANG_WARN_INFINITE_RECURSION = YES;
				CLANG_WARN_INT_CONVERSION = YES;
				CLANG_WARN_NON_LITERAL_NULL_CONVERSION = YES;
				CLANG_WARN_OBJC_IMPLICIT_RETAIN_SELF = YES;
				CLANG_WARN_OBJC_LITERAL_CONVERSION = YES;
				CLANG_WARN_OBJC_ROOT_CLASS = YES_ERROR;
				CLANG_WARN_QUOTED_INCLUDE_IN_FRAMEWORK_HEADER = YES;
				CLANG_WARN_RANGE_LOOP_ANALYSIS = YES;
				CLANG_WARN_STRICT_PROTOTYPES = YES;
				CLANG_WARN_SUSPICIOUS_MOVE = YES;
				CLANG_WARN_UNGUARDED_AVAILABILITY = YES_AGGRESSIVE;
				CLANG_WARN_UNREACHABLE_CODE = YES;
				CLANG_WARN__DUPLICATE_METHOD_MATCH = YES;
				COPY_PHASE_STRIP = NO;
				DEBUG_INFORMATION_FORMAT = dwarf;
				ENABLE_STRICT_OBJC_MSGSEND = YES;
				ENABLE_TESTABILITY = YES;
				GCC_C_LANGUAGE_STANDARD = gnu11;
				GCC_DYNAMIC_NO_PIC = NO;
				GCC_NO_COMMON_BLOCKS = YES;
				GCC_OPTIMIZATION_LEVEL = 0;
				GCC_PREPROCESSOR_DEFINITIONS = (
					"DEBUG=1",
					"$(inherited)",
				);
				GCC_WARN_64_TO_32_BIT_CONVERSION = YES;
				GCC_WARN_ABOUT_RETURN_TYPE = YES_ERROR;
				GCC_WARN_UNDECLARED_SELECTOR = YES;
				GCC_WARN_UNINITIALIZED_AUTOS = YES_AGGRESSIVE;
				GCC_WARN_UNUSED_FUNCTION = YES;
				GCC_WARN_UNUSED_VARIABLE = YES;
				IPHONEOS_DEPLOYMENT_TARGET = 16.0;
				MTL_ENABLE_DEBUG_INFO = INCLUDE_SOURCE;
				MTL_FAST_MATH = YES;
				ONLY_ACTIVE_ARCH = YES;
				SDKROOT = iphoneos;
				SWIFT_ACTIVE_COMPILATION_CONDITIONS = DEBUG;
				SWIFT_OPTIMIZATION_LEVEL = "-Onone";
			};
			name = Debug;
		};
		9C64A4552912B54900199BED /* Release */ = {
			isa = XCBuildConfiguration;
			buildSettings = {
				ALWAYS_SEARCH_USER_PATHS = NO;
				CLANG_ANALYZER_NONNULL = YES;
				CLANG_ANALYZER_NUMBER_OBJECT_CONVERSION = YES_AGGRESSIVE;
				CLANG_CXX_LANGUAGE_STANDARD = "gnu++20";
				CLANG_ENABLE_MODULES = YES;
				CLANG_ENABLE_OBJC_ARC = YES;
				CLANG_ENABLE_OBJC_WEAK = YES;
				CLANG_WARN_BLOCK_CAPTURE_AUTORELEASING = YES;
				CLANG_WARN_BOOL_CONVERSION = YES;
				CLANG_WARN_COMMA = YES;
				CLANG_WARN_CONSTANT_CONVERSION = YES;
				CLANG_WARN_DEPRECATED_OBJC_IMPLEMENTATIONS = YES;
				CLANG_WARN_DIRECT_OBJC_ISA_USAGE = YES_ERROR;
				CLANG_WARN_DOCUMENTATION_COMMENTS = YES;
				CLANG_WARN_EMPTY_BODY = YES;
				CLANG_WARN_ENUM_CONVERSION = YES;
				CLANG_WARN_INFINITE_RECURSION = YES;
				CLANG_WARN_INT_CONVERSION = YES;
				CLANG_WARN_NON_LITERAL_NULL_CONVERSION = YES;
				CLANG_WARN_OBJC_IMPLICIT_RETAIN_SELF = YES;
				CLANG_WARN_OBJC_LITERAL_CONVERSION = YES;
				CLANG_WARN_OBJC_ROOT_CLASS = YES_ERROR;
				CLANG_WARN_QUOTED_INCLUDE_IN_FRAMEWORK_HEADER = YES;
				CLANG_WARN_RANGE_LOOP_ANALYSIS = YES;
				CLANG_WARN_STRICT_PROTOTYPES = YES;
				CLANG_WARN_SUSPICIOUS_MOVE = YES;
				CLANG_WARN_UNGUARDED_AVAILABILITY = YES_AGGRESSIVE;
				CLANG_WARN_UNREACHABLE_CODE = YES;
				CLANG_WARN__DUPLICATE_METHOD_MATCH = YES;
				COPY_PHASE_STRIP = NO;
				DEBUG_INFORMATION_FORMAT = "dwarf-with-dsym";
				ENABLE_NS_ASSERTIONS = NO;
				ENABLE_STRICT_OBJC_MSGSEND = YES;
				GCC_C_LANGUAGE_STANDARD = gnu11;
				GCC_NO_COMMON_BLOCKS = YES;
				GCC_WARN_64_TO_32_BIT_CONVERSION = YES;
				GCC_WARN_ABOUT_RETURN_TYPE = YES_ERROR;
				GCC_WARN_UNDECLARED_SELECTOR = YES;
				GCC_WARN_UNINITIALIZED_AUTOS = YES_AGGRESSIVE;
				GCC_WARN_UNUSED_FUNCTION = YES;
				GCC_WARN_UNUSED_VARIABLE = YES;
				IPHONEOS_DEPLOYMENT_TARGET = 16.0;
				MTL_ENABLE_DEBUG_INFO = NO;
				MTL_FAST_MATH = YES;
				SDKROOT = iphoneos;
				SWIFT_COMPILATION_MODE = wholemodule;
				SWIFT_OPTIMIZATION_LEVEL = "-O";
				VALIDATE_PRODUCT = YES;
			};
			name = Release;
		};
		9C64A4572912B54900199BED /* Debug */ = {
			isa = XCBuildConfiguration;
			buildSettings = {
				ASSETCATALOG_COMPILER_APPICON_NAME = AppIcon;
				ASSETCATALOG_COMPILER_GLOBAL_ACCENT_COLOR_NAME = AccentColor;
				CODE_SIGN_STYLE = Automatic;
				CURRENT_PROJECT_VERSION = 1;
				GENERATE_INFOPLIST_FILE = YES;
				INFOPLIST_FILE = "HW 3.1/app/Info.plist";
				INFOPLIST_KEY_UIApplicationSupportsIndirectInputEvents = YES;
				INFOPLIST_KEY_UILaunchStoryboardName = LaunchScreen;
				INFOPLIST_KEY_UIMainStoryboardFile = Main;
				INFOPLIST_KEY_UISupportedInterfaceOrientations_iPad = "UIInterfaceOrientationPortrait UIInterfaceOrientationPortraitUpsideDown UIInterfaceOrientationLandscapeLeft UIInterfaceOrientationLandscapeRight";
				INFOPLIST_KEY_UISupportedInterfaceOrientations_iPhone = "UIInterfaceOrientationPortrait UIInterfaceOrientationLandscapeLeft UIInterfaceOrientationLandscapeRight";
				LD_RUNPATH_SEARCH_PATHS = (
					"$(inherited)",
					"@executable_path/Frameworks",
				);
				MARKETING_VERSION = 1.0;
				PRODUCT_BUNDLE_IDENTIFIER = "ed.HW-3-1";
				PRODUCT_NAME = "$(TARGET_NAME)";
				SUPPORTED_PLATFORMS = "iphoneos iphonesimulator";
				SUPPORTS_MACCATALYST = NO;
				SUPPORTS_MAC_DESIGNED_FOR_IPHONE_IPAD = NO;
				SWIFT_EMIT_LOC_STRINGS = YES;
				SWIFT_VERSION = 5.0;
				TARGETED_DEVICE_FAMILY = 1;
			};
			name = Debug;
		};
		9C64A4582912B54900199BED /* Release */ = {
			isa = XCBuildConfiguration;
			buildSettings = {
				ASSETCATALOG_COMPILER_APPICON_NAME = AppIcon;
				ASSETCATALOG_COMPILER_GLOBAL_ACCENT_COLOR_NAME = AccentColor;
				CODE_SIGN_STYLE = Automatic;
				CURRENT_PROJECT_VERSION = 1;
				GENERATE_INFOPLIST_FILE = YES;
				INFOPLIST_FILE = "HW 3.1/app/Info.plist";
				INFOPLIST_KEY_UIApplicationSupportsIndirectInputEvents = YES;
				INFOPLIST_KEY_UILaunchStoryboardName = LaunchScreen;
				INFOPLIST_KEY_UIMainStoryboardFile = Main;
				INFOPLIST_KEY_UISupportedInterfaceOrientations_iPad = "UIInterfaceOrientationPortrait UIInterfaceOrientationPortraitUpsideDown UIInterfaceOrientationLandscapeLeft UIInterfaceOrientationLandscapeRight";
				INFOPLIST_KEY_UISupportedInterfaceOrientations_iPhone = "UIInterfaceOrientationPortrait UIInterfaceOrientationLandscapeLeft UIInterfaceOrientationLandscapeRight";
				LD_RUNPATH_SEARCH_PATHS = (
					"$(inherited)",
					"@executable_path/Frameworks",
				);
				MARKETING_VERSION = 1.0;
				PRODUCT_BUNDLE_IDENTIFIER = "ed.HW-3-1";
				PRODUCT_NAME = "$(TARGET_NAME)";
				SUPPORTED_PLATFORMS = "iphoneos iphonesimulator";
				SUPPORTS_MACCATALYST = NO;
				SUPPORTS_MAC_DESIGNED_FOR_IPHONE_IPAD = NO;
				SWIFT_EMIT_LOC_STRINGS = YES;
				SWIFT_VERSION = 5.0;
				TARGETED_DEVICE_FAMILY = 1;
			};
			name = Release;
		};
/* End XCBuildConfiguration section */

/* Begin XCConfigurationList section */
		9C64A43D2912B54800199BED /* Build configuration list for PBXProject "HW 3.1" */ = {
			isa = XCConfigurationList;
			buildConfigurations = (
				9C64A4542912B54900199BED /* Debug */,
				9C64A4552912B54900199BED /* Release */,
			);
			defaultConfigurationIsVisible = 0;
			defaultConfigurationName = Release;
		};
		9C64A4562912B54900199BED /* Build configuration list for PBXNativeTarget "HW 3.1" */ = {
			isa = XCConfigurationList;
			buildConfigurations = (
				9C64A4572912B54900199BED /* Debug */,
				9C64A4582912B54900199BED /* Release */,
			);
			defaultConfigurationIsVisible = 0;
			defaultConfigurationName = Release;
		};
/* End XCConfigurationList section */

/* Begin XCRemoteSwiftPackageReference section */
		9C64A4592912BEE500199BED /* XCRemoteSwiftPackageReference "SpringAnimation" */ = {
			isa = XCRemoteSwiftPackageReference;
			repositoryURL = "https://github.com/LexDeBash/SpringAnimation.git";
			requirement = {
				kind = upToNextMinorVersion;
				minimumVersion = 0.3.0;
			};
		};
/* End XCRemoteSwiftPackageReference section */

/* Begin XCSwiftPackageProductDependency section */
		9C64A45A2912BEE500199BED /* SpringAnimation */ = {
			isa = XCSwiftPackageProductDependency;
			package = 9C64A4592912BEE500199BED /* XCRemoteSwiftPackageReference "SpringAnimation" */;
			productName = SpringAnimation;
		};
/* End XCSwiftPackageProductDependency section */
	};
	rootObject = 9C64A43A2912B54800199BED /* Project object */;
}
